
Microsoft Visual Studio Solution File, Format Version 12.00
# Visual Studio Version 16
VisualStudioVersion = 16.0.34601.136
MinimumVisualStudioVersion = 10.0.40219.1
Project("{FAE04EC0-301F-11D3-BF4B-00C04F79EFBC}") = "CreateSection", "CreateSection\CreateSection.csproj", "{620945F7-A250-475B-8137-C5F8BF5F854A}"
EndProject
Project("{2150E333-8FDC-42A3-9474-1A3956D46DE8}") = "Solution Items", "Solution Items", "{3B469689-E8FD-4200-B264-DC814F5B738A}"
EndProject
Global
	GlobalSection(SolutionConfigurationPlatforms) = preSolution
		Debug|Any CPU = Debug|Any CPU
		Release|Any CPU = Release|Any CPU
	EndGlobalSection
	GlobalSection(ProjectConfigurationPlatforms) = postSolution
		{620945F7-A250-475B-8137-C5F8BF5F854A}.Debug|Any CPU.ActiveCfg = Debug|Any CPU
		{620945F7-A250-475B-8137-C5F8BF5F854A}.Debug|Any CPU.Build.0 = Debug|Any CPU
		{620945F7-A250-475B-8137-C5F8BF5F854A}.Release|Any CPU.ActiveCfg = Release|Any CPU
		{620945F7-A250-475B-8137-C5F8BF5F854A}.Release|Any CPU.Build.0 = Release|Any CPU
	EndGlobalSection
	GlobalSection(SolutionProperties) = preSolution
		HideSolutionNode = FALSE
	EndGlobalSection
	GlobalSection(ExtensibilityGlobals) = postSolution
		SolutionGuid = {E9648916-9545-4BB0-AB20-BA18AB1AE1C0}
	EndGlobalSection
EndGlobal
